
Microsoft Visual Studio Solution File, Format Version 12.00
# Visual Studio 15
VisualStudioVersion = 15.0.26430.15
MinimumVisualStudioVersion = 10.0.40219.1
Project("{FAE04EC0-301F-11D3-BF4B-00C04F79EFBC}") = "SMTPUnit", "SMTPUnit\SMTPUnit.csproj", "{68A87F9B-C353-41FA-B168-40868F5B1261}"
	ProjectSection(ProjectDependencies) = postProject
		{E4858D55-18F2-45DF-9763-8958633392CD} = {E4858D55-18F2-45DF-9763-8958633392CD}
	EndProjectSection
EndProject
Project("{FAE04EC0-301F-11D3-BF4B-00C04F79EFBC}") = "SMTPUnit.Tests", "SMTPUnit.Tests\SMTPUnit.Tests.csproj", "{4FEF2F84-F2BF-424C-A7B9-0E14070A2E03}"
	ProjectSection(ProjectDependencies) = postProject
		{E4858D55-18F2-45DF-9763-8958633392CD} = {E4858D55-18F2-45DF-9763-8958633392CD}
		{68A87F9B-C353-41FA-B168-40868F5B1261} = {68A87F9B-C353-41FA-B168-40868F5B1261}
	EndProjectSection
EndProject
Project("{FAE04EC0-301F-11D3-BF4B-00C04F79EFBC}") = "ExternalDependencies", "ExternalDependencies\ExternalDependencies.csproj", "{E4858D55-18F2-45DF-9763-8958633392CD}"
EndProject
Global
	GlobalSection(SolutionConfigurationPlatforms) = preSolution
		Debug|Any CPU = Debug|Any CPU
		Release|Any CPU = Release|Any CPU
	EndGlobalSection
	GlobalSection(ProjectConfigurationPlatforms) = postSolution
		{68A87F9B-C353-41FA-B168-40868F5B1261}.Debug|Any CPU.ActiveCfg = Debug|Any CPU
		{68A87F9B-C353-41FA-B168-40868F5B1261}.Debug|Any CPU.Build.0 = Debug|Any CPU
		{68A87F9B-C353-41FA-B168-40868F5B1261}.Release|Any CPU.ActiveCfg = Release|Any CPU
		{68A87F9B-C353-41FA-B168-40868F5B1261}.Release|Any CPU.Build.0 = Release|Any CPU
		{4FEF2F84-F2BF-424C-A7B9-0E14070A2E03}.Debug|Any CPU.ActiveCfg = Debug|Any CPU
		{4FEF2F84-F2BF-424C-A7B9-0E14070A2E03}.Debug|Any CPU.Build.0 = Debug|Any CPU
		{4FEF2F84-F2BF-424C-A7B9-0E14070A2E03}.Release|Any CPU.ActiveCfg = Release|Any CPU
		{4FEF2F84-F2BF-424C-A7B9-0E14070A2E03}.Release|Any CPU.Build.0 = Release|Any CPU
		{E4858D55-18F2-45DF-9763-8958633392CD}.Debug|Any CPU.ActiveCfg = Debug|Any CPU
		{E4858D55-18F2-45DF-9763-8958633392CD}.Debug|Any CPU.Build.0 = Debug|Any CPU
		{E4858D55-18F2-45DF-9763-8958633392CD}.Release|Any CPU.ActiveCfg = Release|Any CPU
		{E4858D55-18F2-45DF-9763-8958633392CD}.Release|Any CPU.Build.0 = Release|Any CPU
	EndGlobalSection
	GlobalSection(SolutionProperties) = preSolution
		HideSolutionNode = FALSE
	EndGlobalSection
EndGlobal
